PODS:
  - iOSLogEntries (1.2)
  - Logmatic (1.0.2)
  - Reusable (4.0.0):
    - Reusable/Storyboard (= 4.0.0)
    - Reusable/View (= 4.0.0)
  - Reusable/Storyboard (4.0.0)
  - Reusable/View (4.0.0)
  - SwiftLint (0.18.1)
  - SwiftyBeaver (1.2.2)
  - SwiftyBeaver-Destinations/Core (0.0.1):
    - SwiftyBeaver (~> 1.2.1)
  - SwiftyBeaver-Destinations/LogEntries (0.0.1):
    - iOSLogEntries (~> 1.2)
    - SwiftyBeaver-Destinations/Core
  - SwiftyBeaver-Destinations/Logmatic (0.0.1):
    - Logmatic (~> 1.0)
    - SwiftyBeaver-Destinations/Core

DEPENDENCIES:
  - Reusable
  - SwiftLint
  - SwiftyBeaver-Destinations/LogEntries (from `../`)
  - SwiftyBeaver-Destinations/Logmatic (from `../`)

EXTERNAL SOURCES:
  SwiftyBeaver-Destinations:
    :path: "../"

SPEC CHECKSUMS:
  iOSLogEntries: f7eb65033a09b8850e092d0aed3ad75d3553f1f1
  Logmatic: c89f3bdab0dac02f7f8b365dabcbf548b0c5f25a
  Reusable: 98e5fff1e0e2e00872199699b276dde08ee56c07
  SwiftLint: b467d08f5b25dc3b3cfed243d8e1b74b91714c67
  SwiftyBeaver: 90a39e3dc5136b7285f2e4c870b107e3933b8b84
  SwiftyBeaver-Destinations: c643aee7eee432985d8d89b686bd3b742b4bfd4c

PODFILE CHECKSUM: 27205d2b1bc56a4e8d180282270ebed6016ebffe

COCOAPODS: 1.2.1
